{
  "name": "@colyseus/example",
  "version": "0.14.30",
  "lockfileVersion": 2,
  "requires": true,
  "packages": {
    "": {
      "name": "@colyseus/example",
      "version": "0.14.25",
      "license": "MIT",
      "dependencies": {
        "colyseus": "file:../"
      },
      "devDependencies": {
        "@colyseus/monitor": "file:../"
      }
    },
    "..": {},
    "node_modules/@colyseus/monitor": {
      "resolved": "..",
      "link": true
    },
    "node_modules/colyseus": {
      "resolved": "..",
      "link": true
    }
  },
  "dependencies": {
    "@colyseus/monitor": {
      "version": "file:.."
    },
    "colyseus": {
      "version": "file:.."
    }
  }
}
